
Microsoft Visual Studio Solution File, Format Version 12.00
# Visual Studio Version 16
VisualStudioVersion = 25.0.1706.4
MinimumVisualStudioVersion = 10.0.40219.1
Project("{FAE04EC0-301F-11D3-BF4B-00C04F79EFBC}") = "userCalculator", "userCalculator\userCalculator.csproj", "{63D94F02-6D93-48C5-844A-C1BD34A1C71F}"
EndProject
Global
	GlobalSection(SolutionConfigurationPlatforms) = preSolution
		Debug|Any CPU = Debug|Any CPU
		Release|Any CPU = Release|Any CPU
	EndGlobalSection
	GlobalSection(ProjectConfigurationPlatforms) = postSolution
		{63D94F02-6D93-48C5-844A-C1BD34A1C71F}.Debug|Any CPU.ActiveCfg = Debug|Any CPU
		{63D94F02-6D93-48C5-844A-C1BD34A1C71F}.Debug|Any CPU.Build.0 = Debug|Any CPU
		{63D94F02-6D93-48C5-844A-C1BD34A1C71F}.Release|Any CPU.ActiveCfg = Release|Any CPU
		{63D94F02-6D93-48C5-844A-C1BD34A1C71F}.Release|Any CPU.Build.0 = Release|Any CPU
	EndGlobalSection
	GlobalSection(SolutionProperties) = preSolution
		HideSolutionNode = FALSE
	EndGlobalSection
	GlobalSection(ExtensibilityGlobals) = postSolution
		SolutionGuid = {B6E08638-10E2-4379-8A6E-B4572545A5CF}
	EndGlobalSection
EndGlobal
